
Microsoft Visual Studio Solution File, Format Version 12.00
# Visual Studio Version 16
VisualStudioVersion = 16.0.29728.190
MinimumVisualStudioVersion = 10.0.40219.1
Project("{2150E333-8FDC-42A3-9474-1A3956D46DE8}") = "tests", "tests", "{2E903AB5-E882-49A7-A612-FCCB9F11D540}"
EndProject
Project("{2150E333-8FDC-42A3-9474-1A3956D46DE8}") = "src", "src", "{C69D878A-A37C-4DBD-8D90-8AF30074E3C0}"
EndProject
Project("{9A19103F-16F7-4668-BE54-9A1E7A4F7556}") = "FreecraftCore.API.Common.Addon", "src\FreecraftCore.API.Common.Addon\FreecraftCore.API.Common.Addon.csproj", "{87D4C146-AD22-466B-991E-26C355C9FB76}"
EndProject
Project("{9A19103F-16F7-4668-BE54-9A1E7A4F7556}") = "FreecraftCore.API.Common.Auth", "src\FreecraftCore.API.Common.Auth\FreecraftCore.API.Common.Auth.csproj", "{8579CD34-8B4F-4578-AC53-1EA46A92A67E}"
EndProject
Project("{9A19103F-16F7-4668-BE54-9A1E7A4F7556}") = "FreecraftCore.API.Common.Character", "src\FreecraftCore.API.Common.Character\FreecraftCore.API.Common.Character.csproj", "{737E3BEB-47FA-43EA-8236-198151AA6758}"
EndProject
Project("{9A19103F-16F7-4668-BE54-9A1E7A4F7556}") = "FreecraftCore.API.Common.Chat", "src\FreecraftCore.API.Common.Chat\FreecraftCore.API.Common.Chat.csproj", "{DAD069F0-4810-4F0C-8522-EA4AD0C499FD}"
EndProject
Project("{9A19103F-16F7-4668-BE54-9A1E7A4F7556}") = "FreecraftCore.API.Common.Core", "src\FreecraftCore.API.Common.Core\FreecraftCore.API.Common.Core.csproj", "{6FFA57D5-A090-4D52-9D70-22D2CBDD00B1}"
EndProject
Project("{9A19103F-16F7-4668-BE54-9A1E7A4F7556}") = "FreecraftCore.API.Common.Entity.Identity", "src\FreecraftCore.API.Common.Entity.Identity\FreecraftCore.API.Common.Entity.Identity.csproj", "{D2FF6BD2-9756-4B05-B141-0847BBD15B78}"
EndProject
Project("{9A19103F-16F7-4668-BE54-9A1E7A4F7556}") = "FreecraftCore.API.Common.Movement", "src\FreecraftCore.API.Common.Movement\FreecraftCore.API.Common.Movement.csproj", "{852D88E2-28DD-44C9-AFD2-CFEB7A55DC77}"
EndProject
Project("{9A19103F-16F7-4668-BE54-9A1E7A4F7556}") = "FreecraftCore.API.Common.Warden", "src\FreecraftCore.API.Common.Warden\FreecraftCore.API.Common.Warden.csproj", "{AB6F1E0F-2931-4DDA-9886-10D565D5AEFB}"
EndProject
Project("{2150E333-8FDC-42A3-9474-1A3956D46DE8}") = "API", "API", "{C5D14933-7D5B-4185-9B9F-38AB1A8A40E6}"
EndProject
Project("{2150E333-8FDC-42A3-9474-1A3956D46DE8}") = "Packet", "Packet", "{64D61A43-6570-4F17-BE2D-78CFF756EC24}"
EndProject
Project("{9A19103F-16F7-4668-BE54-9A1E7A4F7556}") = "FreecraftCore.Packet.Auth", "src\FreecraftCore.Packet.Auth\FreecraftCore.Packet.Auth.csproj", "{FE9B9306-281B-4134-AA8F-B995F6098B91}"
EndProject
Project("{9A19103F-16F7-4668-BE54-9A1E7A4F7556}") = "FreecraftCore.Packet.Common", "src\FreecraftCore.Packet.Common\FreecraftCore.Packet.Common.csproj", "{EB22A6AE-5098-40CD-9A58-EF989075FB22}"
EndProject
Project("{2150E333-8FDC-42A3-9474-1A3956D46DE8}") = "Crypto", "Crypto", "{0AD22DB5-C13F-4337-90FB-B68279786457}"
EndProject
Project("{9A19103F-16F7-4668-BE54-9A1E7A4F7556}") = "FreecraftCore.Crypto.BigInteger", "src\FreecraftCore.Crypto.BigInteger\FreecraftCore.Crypto.BigInteger.csproj", "{9B65D1B2-F81E-4A8B-9F7B-6343D7F3E4CC}"
EndProject
Project("{9A19103F-16F7-4668-BE54-9A1E7A4F7556}") = "FreecraftCore.Crypto.Common", "src\FreecraftCore.Crypto.Common\FreecraftCore.Crypto.Common.csproj", "{721B7FFE-B749-4569-8CB4-A00C63E65F36}"
EndProject
Project("{FAE04EC0-301F-11D3-BF4B-00C04F79EFBC}") = "ARC4.ThirdParty.Tests", "tests\ARC4.ThirdParty.Tests\ARC4.ThirdParty.Tests.csproj", "{B81EBB25-9A20-4699-9C7B-A9A4A1A6EC66}"
EndProject
Project("{FAE04EC0-301F-11D3-BF4B-00C04F79EFBC}") = "FreecraftCore.Serialization.Tests", "tests\FreecraftCore.Serialization.Tests\FreecraftCore.Serialization.Tests.csproj", "{71D7A3B0-9AE2-4F22-9C63-542709BD507A}"
EndProject
Project("{2150E333-8FDC-42A3-9474-1A3956D46DE8}") = "Server", "Server", "{88D20E30-575F-477E-8B97-6DBF1915F2B3}"
EndProject
Project("{9A19103F-16F7-4668-BE54-9A1E7A4F7556}") = "FreecraftCore.Server.Database.Authentication", "src\FreecraftCore.Server.Database.Authentication\FreecraftCore.Server.Database.Authentication.csproj", "{09193B4C-539B-4426-BC28-F187F51F0383}"
EndProject
Project("{9A19103F-16F7-4668-BE54-9A1E7A4F7556}") = "FreecraftCore.Server.Database.Common", "src\FreecraftCore.Server.Database.Common\FreecraftCore.Server.Database.Common.csproj", "{7A2070B2-77C7-4E06-97DD-0144FB41429A}"
EndProject
Project("{FAE04EC0-301F-11D3-BF4B-00C04F79EFBC}") = "BigInteger.ThirdParty.Tests", "tests\BigInteger.ThirdParty.Tests\BigInteger.ThirdParty.Tests.csproj", "{6D296166-928D-4D8B-A2AD-542A77404CA5}"
EndProject
Project("{9A19103F-16F7-4668-BE54-9A1E7A4F7556}") = "FreecraftCore.Packet.Game", "src\FreecraftCore.Packet.Game\FreecraftCore.Packet.Game.csproj", "{E7203CA7-1D14-4322-8062-1F72FCDD3EC5}"
EndProject
Project("{9A19103F-16F7-4668-BE54-9A1E7A4F7556}") = "DynamicProxy.GamePacketPayload.PerformanceTests", "tests\DynamicProxy.GamePacketPayload.PerformanceTests\DynamicProxy.GamePacketPayload.PerformanceTests.csproj", "{C0C75491-6D9C-4FC6-8797-F6F9B4789996}"
EndProject
Project("{2150E333-8FDC-42A3-9474-1A3956D46DE8}") = "tools", "tools", "{78CBA3CF-28F2-464F-892A-3FB745AC735E}"
EndProject
Project("{9A19103F-16F7-4668-BE54-9A1E7A4F7556}") = "FreecraftCore.Packet.Game.DefaultProxy.Roslyn.Tool", "tools\FreecraftCore.Packet.Game.DefaultProxy.Roslyn.Tool\FreecraftCore.Packet.Game.DefaultProxy.Roslyn.Tool.csproj", "{1B1AD1CE-538C-43A7-AD52-9A5BB97F77A6}"
EndProject
Project("{9A19103F-16F7-4668-BE54-9A1E7A4F7556}") = "FreecraftCore.Packet.Game.Stubs", "src\FreecraftCore.Packet.Game.Stubs\FreecraftCore.Packet.Game.Stubs.csproj", "{AD87FE80-85A6-4F6F-998F-5FDAAE870D50}"
EndProject
Project("{9A19103F-16F7-4668-BE54-9A1E7A4F7556}") = "FreecraftCore.Packet.Game.1_12_1", "src\FreecraftCore.Packet.Game.1_12_1\FreecraftCore.Packet.Game.1_12_1.csproj", "{54942DA8-4C1F-4766-AE56-424F9384FA8E}"
EndProject
Project("{9A19103F-16F7-4668-BE54-9A1E7A4F7556}") = "FreecraftCore.API.Common", "src\FreecraftCore.API.Common\FreecraftCore.API.Common.csproj", "{28A02F90-C0D9-444B-B455-783260F63F85}"
EndProject
Project("{FAE04EC0-301F-11D3-BF4B-00C04F79EFBC}") = "FreecraftCore.ObjectUpdatePacketSerializer.PerfTest", "tests\FreecraftCore.ObjectUpdatePacketSerializer.PerfTest\FreecraftCore.ObjectUpdatePacketSerializer.PerfTest.csproj", "{C94EC33B-CCC8-4FE0-B852-30F675017A12}"
EndProject
Project("{FAE04EC0-301F-11D3-BF4B-00C04F79EFBC}") = "FreecraftCore.API.Data", "src\FreecraftCore.API.Data\FreecraftCore.API.Data.csproj", "{B38B8063-ED2D-47FB-8586-75F8290263AF}"
EndProject
Global
	GlobalSection(SolutionConfigurationPlatforms) = preSolution
		Debug|Any CPU = Debug|Any CPU
		Release|Any CPU = Release|Any CPU
		Release-Library|Any CPU = Release-Library|Any CPU
	EndGlobalSection
	GlobalSection(ProjectConfigurationPlatforms) = postSolution
		{87D4C146-AD22-466B-991E-26C355C9FB76}.Debug|Any CPU.ActiveCfg = Debug|Any CPU
		{87D4C146-AD22-466B-991E-26C355C9FB76}.Debug|Any CPU.Build.0 = Debug|Any CPU
		{87D4C146-AD22-466B-991E-26C355C9FB76}.Release|Any CPU.ActiveCfg = Release|Any CPU
		{87D4C146-AD22-466B-991E-26C355C9FB76}.Release|Any CPU.Build.0 = Release|Any CPU
		{87D4C146-AD22-466B-991E-26C355C9FB76}.Release-Library|Any CPU.ActiveCfg = Release-Library|Any CPU
		{87D4C146-AD22-466B-991E-26C355C9FB76}.Release-Library|Any CPU.Build.0 = Release-Library|Any CPU
		{8579CD34-8B4F-4578-AC53-1EA46A92A67E}.Debug|Any CPU.ActiveCfg = Debug|Any CPU
		{8579CD34-8B4F-4578-AC53-1EA46A92A67E}.Debug|Any CPU.Build.0 = Debug|Any CPU
		{8579CD34-8B4F-4578-AC53-1EA46A92A67E}.Release|Any CPU.ActiveCfg = Release|Any CPU
		{8579CD34-8B4F-4578-AC53-1EA46A92A67E}.Release|Any CPU.Build.0 = Release|Any CPU
		{8579CD34-8B4F-4578-AC53-1EA46A92A67E}.Release-Library|Any CPU.ActiveCfg = Release-Library|Any CPU
		{8579CD34-8B4F-4578-AC53-1EA46A92A67E}.Release-Library|Any CPU.Build.0 = Release-Library|Any CPU
		{737E3BEB-47FA-43EA-8236-198151AA6758}.Debug|Any CPU.ActiveCfg = Debug|Any CPU
		{737E3BEB-47FA-43EA-8236-198151AA6758}.Debug|Any CPU.Build.0 = Debug|Any CPU
		{737E3BEB-47FA-43EA-8236-198151AA6758}.Release|Any CPU.ActiveCfg = Release|Any CPU
		{737E3BEB-47FA-43EA-8236-198151AA6758}.Release|Any CPU.Build.0 = Release|Any CPU
		{737E3BEB-47FA-43EA-8236-198151AA6758}.Release-Library|Any CPU.ActiveCfg = Release-Library|Any CPU
		{737E3BEB-47FA-43EA-8236-198151AA6758}.Release-Library|Any CPU.Build.0 = Release-Library|Any CPU
		{DAD069F0-4810-4F0C-8522-EA4AD0C499FD}.Debug|Any CPU.ActiveCfg = Debug|Any CPU
		{DAD069F0-4810-4F0C-8522-EA4AD0C499FD}.Debug|Any CPU.Build.0 = Debug|Any CPU
		{DAD069F0-4810-4F0C-8522-EA4AD0C499FD}.Release|Any CPU.ActiveCfg = Release|Any CPU
		{DAD069F0-4810-4F0C-8522-EA4AD0C499FD}.Release|Any CPU.Build.0 = Release|Any CPU
		{DAD069F0-4810-4F0C-8522-EA4AD0C499FD}.Release-Library|Any CPU.ActiveCfg = Release-Library|Any CPU
		{DAD069F0-4810-4F0C-8522-EA4AD0C499FD}.Release-Library|Any CPU.Build.0 = Release-Library|Any CPU
		{6FFA57D5-A090-4D52-9D70-22D2CBDD00B1}.Debug|Any CPU.ActiveCfg = Debug|Any CPU
		{6FFA57D5-A090-4D52-9D70-22D2CBDD00B1}.Debug|Any CPU.Build.0 = Debug|Any CPU
		{6FFA57D5-A090-4D52-9D70-22D2CBDD00B1}.Release|Any CPU.ActiveCfg = Release|Any CPU
		{6FFA57D5-A090-4D52-9D70-22D2CBDD00B1}.Release|Any CPU.Build.0 = Release|Any CPU
		{6FFA57D5-A090-4D52-9D70-22D2CBDD00B1}.Release-Library|Any CPU.ActiveCfg = Release-Library|Any CPU
		{6FFA57D5-A090-4D52-9D70-22D2CBDD00B1}.Release-Library|Any CPU.Build.0 = Release-Library|Any CPU
		{D2FF6BD2-9756-4B05-B141-0847BBD15B78}.Debug|Any CPU.ActiveCfg = Debug|Any CPU
		{D2FF6BD2-9756-4B05-B141-0847BBD15B78}.Debug|Any CPU.Build.0 = Debug|Any CPU
		{D2FF6BD2-9756-4B05-B141-0847BBD15B78}.Release|Any CPU.ActiveCfg = Release|Any CPU
		{D2FF6BD2-9756-4B05-B141-0847BBD15B78}.Release|Any CPU.Build.0 = Release|Any CPU
		{D2FF6BD2-9756-4B05-B141-0847BBD15B78}.Release-Library|Any CPU.ActiveCfg = Release-Library|Any CPU
		{D2FF6BD2-9756-4B05-B141-0847BBD15B78}.Release-Library|Any CPU.Build.0 = Release-Library|Any CPU
		{852D88E2-28DD-44C9-AFD2-CFEB7A55DC77}.Debug|Any CPU.ActiveCfg = Debug|Any CPU
		{852D88E2-28DD-44C9-AFD2-CFEB7A55DC77}.Debug|Any CPU.Build.0 = Debug|Any CPU
		{852D88E2-28DD-44C9-AFD2-CFEB7A55DC77}.Release|Any CPU.ActiveCfg = Release|Any CPU
		{852D88E2-28DD-44C9-AFD2-CFEB7A55DC77}.Release|Any CPU.Build.0 = Release|Any CPU
		{852D88E2-28DD-44C9-AFD2-CFEB7A55DC77}.Release-Library|Any CPU.ActiveCfg = Release-Library|Any CPU
		{852D88E2-28DD-44C9-AFD2-CFEB7A55DC77}.Release-Library|Any CPU.Build.0 = Release-Library|Any CPU
		{AB6F1E0F-2931-4DDA-9886-10D565D5AEFB}.Debug|Any CPU.ActiveCfg = Debug|Any CPU
		{AB6F1E0F-2931-4DDA-9886-10D565D5AEFB}.Debug|Any CPU.Build.0 = Debug|Any CPU
		{AB6F1E0F-2931-4DDA-9886-10D565D5AEFB}.Release|Any CPU.ActiveCfg = Release|Any CPU
		{AB6F1E0F-2931-4DDA-9886-10D565D5AEFB}.Release|Any CPU.Build.0 = Release|Any CPU
		{AB6F1E0F-2931-4DDA-9886-10D565D5AEFB}.Release-Library|Any CPU.ActiveCfg = Release-Library|Any CPU
		{AB6F1E0F-2931-4DDA-9886-10D565D5AEFB}.Release-Library|Any CPU.Build.0 = Release-Library|Any CPU
		{FE9B9306-281B-4134-AA8F-B995F6098B91}.Debug|Any CPU.ActiveCfg = Debug|Any CPU
		{FE9B9306-281B-4134-AA8F-B995F6098B91}.Debug|Any CPU.Build.0 = Debug|Any CPU
		{FE9B9306-281B-4134-AA8F-B995F6098B91}.Release|Any CPU.ActiveCfg = Release|Any CPU
		{FE9B9306-281B-4134-AA8F-B995F6098B91}.Release|Any CPU.Build.0 = Release|Any CPU
		{FE9B9306-281B-4134-AA8F-B995F6098B91}.Release-Library|Any CPU.ActiveCfg = Release-Library|Any CPU
		{FE9B9306-281B-4134-AA8F-B995F6098B91}.Release-Library|Any CPU.Build.0 = Release-Library|Any CPU
		{EB22A6AE-5098-40CD-9A58-EF989075FB22}.Debug|Any CPU.ActiveCfg = Debug|Any CPU
		{EB22A6AE-5098-40CD-9A58-EF989075FB22}.Debug|Any CPU.Build.0 = Debug|Any CPU
		{EB22A6AE-5098-40CD-9A58-EF989075FB22}.Release|Any CPU.ActiveCfg = Release|Any CPU
		{EB22A6AE-5098-40CD-9A58-EF989075FB22}.Release|Any CPU.Build.0 = Release|Any CPU
		{EB22A6AE-5098-40CD-9A58-EF989075FB22}.Release-Library|Any CPU.ActiveCfg = Release-Library|Any CPU
		{EB22A6AE-5098-40CD-9A58-EF989075FB22}.Release-Library|Any CPU.Build.0 = Release-Library|Any CPU
		{9B65D1B2-F81E-4A8B-9F7B-6343D7F3E4CC}.Debug|Any CPU.ActiveCfg = Debug|Any CPU
		{9B65D1B2-F81E-4A8B-9F7B-6343D7F3E4CC}.Debug|Any CPU.Build.0 = Debug|Any CPU
		{9B65D1B2-F81E-4A8B-9F7B-6343D7F3E4CC}.Release|Any CPU.ActiveCfg = Release|Any CPU
		{9B65D1B2-F81E-4A8B-9F7B-6343D7F3E4CC}.Release|Any CPU.Build.0 = Release|Any CPU
		{9B65D1B2-F81E-4A8B-9F7B-6343D7F3E4CC}.Release-Library|Any CPU.ActiveCfg = Release-Library|Any CPU
		{9B65D1B2-F81E-4A8B-9F7B-6343D7F3E4CC}.Release-Library|Any CPU.Build.0 = Release-Library|Any CPU
		{721B7FFE-B749-4569-8CB4-A00C63E65F36}.Debug|Any CPU.ActiveCfg = Debug|Any CPU
		{721B7FFE-B749-4569-8CB4-A00C63E65F36}.Debug|Any CPU.Build.0 = Debug|Any CPU
		{721B7FFE-B749-4569-8CB4-A00C63E65F36}.Release|Any CPU.ActiveCfg = Release|Any CPU
		{721B7FFE-B749-4569-8CB4-A00C63E65F36}.Release|Any CPU.Build.0 = Release|Any CPU
		{721B7FFE-B749-4569-8CB4-A00C63E65F36}.Release-Library|Any CPU.ActiveCfg = Release-Library|Any CPU
		{721B7FFE-B749-4569-8CB4-A00C63E65F36}.Release-Library|Any CPU.Build.0 = Release-Library|Any CPU
		{B81EBB25-9A20-4699-9C7B-A9A4A1A6EC66}.Debug|Any CPU.ActiveCfg = Debug|Any CPU
		{B81EBB25-9A20-4699-9C7B-A9A4A1A6EC66}.Debug|Any CPU.Build.0 = Debug|Any CPU
		{B81EBB25-9A20-4699-9C7B-A9A4A1A6EC66}.Release|Any CPU.ActiveCfg = Release|Any CPU
		{B81EBB25-9A20-4699-9C7B-A9A4A1A6EC66}.Release|Any CPU.Build.0 = Release|Any CPU
		{B81EBB25-9A20-4699-9C7B-A9A4A1A6EC66}.Release-Library|Any CPU.ActiveCfg = Release-Library|Any CPU
		{71D7A3B0-9AE2-4F22-9C63-542709BD507A}.Debug|Any CPU.ActiveCfg = Debug|Any CPU
		{71D7A3B0-9AE2-4F22-9C63-542709BD507A}.Debug|Any CPU.Build.0 = Debug|Any CPU
		{71D7A3B0-9AE2-4F22-9C63-542709BD507A}.Release|Any CPU.ActiveCfg = Release|Any CPU
		{71D7A3B0-9AE2-4F22-9C63-542709BD507A}.Release|Any CPU.Build.0 = Release|Any CPU
		{71D7A3B0-9AE2-4F22-9C63-542709BD507A}.Release-Library|Any CPU.ActiveCfg = Release-Library|Any CPU
		{09193B4C-539B-4426-BC28-F187F51F0383}.Debug|Any CPU.ActiveCfg = Debug|Any CPU
		{09193B4C-539B-4426-BC28-F187F51F0383}.Debug|Any CPU.Build.0 = Debug|Any CPU
		{09193B4C-539B-4426-BC28-F187F51F0383}.Release|Any CPU.ActiveCfg = Release|Any CPU
		{09193B4C-539B-4426-BC28-F187F51F0383}.Release|Any CPU.Build.0 = Release|Any CPU
		{09193B4C-539B-4426-BC28-F187F51F0383}.Release-Library|Any CPU.ActiveCfg = Release-Library|Any CPU
		{09193B4C-539B-4426-BC28-F187F51F0383}.Release-Library|Any CPU.Build.0 = Release-Library|Any CPU
		{7A2070B2-77C7-4E06-97DD-0144FB41429A}.Debug|Any CPU.ActiveCfg = Debug|Any CPU
		{7A2070B2-77C7-4E06-97DD-0144FB41429A}.Debug|Any CPU.Build.0 = Debug|Any CPU
		{7A2070B2-77C7-4E06-97DD-0144FB41429A}.Release|Any CPU.ActiveCfg = Release|Any CPU
		{7A2070B2-77C7-4E06-97DD-0144FB41429A}.Release|Any CPU.Build.0 = Release|Any CPU
		{7A2070B2-77C7-4E06-97DD-0144FB41429A}.Release-Library|Any CPU.ActiveCfg = Release-Library|Any CPU
		{7A2070B2-77C7-4E06-97DD-0144FB41429A}.Release-Library|Any CPU.Build.0 = Release-Library|Any CPU
		{6D296166-928D-4D8B-A2AD-542A77404CA5}.Debug|Any CPU.ActiveCfg = Debug|Any CPU
		{6D296166-928D-4D8B-A2AD-542A77404CA5}.Debug|Any CPU.Build.0 = Debug|Any CPU
		{6D296166-928D-4D8B-A2AD-542A77404CA5}.Release|Any CPU.ActiveCfg = Release|Any CPU
		{6D296166-928D-4D8B-A2AD-542A77404CA5}.Release|Any CPU.Build.0 = Release|Any CPU
		{6D296166-928D-4D8B-A2AD-542A77404CA5}.Release-Library|Any CPU.ActiveCfg = Release-Library|Any CPU
		{E7203CA7-1D14-4322-8062-1F72FCDD3EC5}.Debug|Any CPU.ActiveCfg = Debug|Any CPU
		{E7203CA7-1D14-4322-8062-1F72FCDD3EC5}.Debug|Any CPU.Build.0 = Debug|Any CPU
		{E7203CA7-1D14-4322-8062-1F72FCDD3EC5}.Release|Any CPU.ActiveCfg = Release|Any CPU
		{E7203CA7-1D14-4322-8062-1F72FCDD3EC5}.Release|Any CPU.Build.0 = Release|Any CPU
		{E7203CA7-1D14-4322-8062-1F72FCDD3EC5}.Release-Library|Any CPU.ActiveCfg = Release-Library|Any CPU
		{E7203CA7-1D14-4322-8062-1F72FCDD3EC5}.Release-Library|Any CPU.Build.0 = Release-Library|Any CPU
		{C0C75491-6D9C-4FC6-8797-F6F9B4789996}.Debug|Any CPU.ActiveCfg = Debug|Any CPU
		{C0C75491-6D9C-4FC6-8797-F6F9B4789996}.Debug|Any CPU.Build.0 = Debug|Any CPU
		{C0C75491-6D9C-4FC6-8797-F6F9B4789996}.Release|Any CPU.ActiveCfg = Release|Any CPU
		{C0C75491-6D9C-4FC6-8797-F6F9B4789996}.Release|Any CPU.Build.0 = Release|Any CPU
		{C0C75491-6D9C-4FC6-8797-F6F9B4789996}.Release-Library|Any CPU.ActiveCfg = Release-Library|Any CPU
		{1B1AD1CE-538C-43A7-AD52-9A5BB97F77A6}.Debug|Any CPU.ActiveCfg = Debug|Any CPU
		{1B1AD1CE-538C-43A7-AD52-9A5BB97F77A6}.Debug|Any CPU.Build.0 = Debug|Any CPU
		{1B1AD1CE-538C-43A7-AD52-9A5BB97F77A6}.Release|Any CPU.ActiveCfg = Release|Any CPU
		{1B1AD1CE-538C-43A7-AD52-9A5BB97F77A6}.Release|Any CPU.Build.0 = Release|Any CPU
		{1B1AD1CE-538C-43A7-AD52-9A5BB97F77A6}.Release-Library|Any CPU.ActiveCfg = Release-Library|Any CPU
		{AD87FE80-85A6-4F6F-998F-5FDAAE870D50}.Debug|Any CPU.ActiveCfg = Debug|Any CPU
		{AD87FE80-85A6-4F6F-998F-5FDAAE870D50}.Debug|Any CPU.Build.0 = Debug|Any CPU
		{AD87FE80-85A6-4F6F-998F-5FDAAE870D50}.Release|Any CPU.ActiveCfg = Release|Any CPU
		{AD87FE80-85A6-4F6F-998F-5FDAAE870D50}.Release|Any CPU.Build.0 = Release|Any CPU
		{AD87FE80-85A6-4F6F-998F-5FDAAE870D50}.Release-Library|Any CPU.ActiveCfg = Release-Library|Any CPU
		{AD87FE80-85A6-4F6F-998F-5FDAAE870D50}.Release-Library|Any CPU.Build.0 = Release-Library|Any CPU
		{54942DA8-4C1F-4766-AE56-424F9384FA8E}.Debug|Any CPU.ActiveCfg = Debug|Any CPU
		{54942DA8-4C1F-4766-AE56-424F9384FA8E}.Debug|Any CPU.Build.0 = Debug|Any CPU
		{54942DA8-4C1F-4766-AE56-424F9384FA8E}.Release|Any CPU.ActiveCfg = Release|Any CPU
		{54942DA8-4C1F-4766-AE56-424F9384FA8E}.Release|Any CPU.Build.0 = Release|Any CPU
		{54942DA8-4C1F-4766-AE56-424F9384FA8E}.Release-Library|Any CPU.ActiveCfg = Release-Library|Any CPU
		{54942DA8-4C1F-4766-AE56-424F9384FA8E}.Release-Library|Any CPU.Build.0 = Release-Library|Any CPU
		{28A02F90-C0D9-444B-B455-783260F63F85}.Debug|Any CPU.ActiveCfg = Debug|Any CPU
		{28A02F90-C0D9-444B-B455-783260F63F85}.Debug|Any CPU.Build.0 = Debug|Any CPU
		{28A02F90-C0D9-444B-B455-783260F63F85}.Release|Any CPU.ActiveCfg = Release|Any CPU
		{28A02F90-C0D9-444B-B455-783260F63F85}.Release|Any CPU.Build.0 = Release|Any CPU
		{28A02F90-C0D9-444B-B455-783260F63F85}.Release-Library|Any CPU.ActiveCfg = Release-Library|Any CPU
		{28A02F90-C0D9-444B-B455-783260F63F85}.Release-Library|Any CPU.Build.0 = Release-Library|Any CPU
		{C94EC33B-CCC8-4FE0-B852-30F675017A12}.Debug|Any CPU.ActiveCfg = Debug|Any CPU
		{C94EC33B-CCC8-4FE0-B852-30F675017A12}.Debug|Any CPU.Build.0 = Debug|Any CPU
		{C94EC33B-CCC8-4FE0-B852-30F675017A12}.Release|Any CPU.ActiveCfg = Release|Any CPU
		{C94EC33B-CCC8-4FE0-B852-30F675017A12}.Release|Any CPU.Build.0 = Release|Any CPU
		{C94EC33B-CCC8-4FE0-B852-30F675017A12}.Release-Library|Any CPU.ActiveCfg = Release-Library|Any CPU
		{B38B8063-ED2D-47FB-8586-75F8290263AF}.Debug|Any CPU.ActiveCfg = Debug|Any CPU
		{B38B8063-ED2D-47FB-8586-75F8290263AF}.Debug|Any CPU.Build.0 = Debug|Any CPU
		{B38B8063-ED2D-47FB-8586-75F8290263AF}.Release|Any CPU.ActiveCfg = Release|Any CPU
		{B38B8063-ED2D-47FB-8586-75F8290263AF}.Release|Any CPU.Build.0 = Release|Any CPU
		{B38B8063-ED2D-47FB-8586-75F8290263AF}.Release-Library|Any CPU.ActiveCfg = Release|Any CPU
		{B38B8063-ED2D-47FB-8586-75F8290263AF}.Release-Library|Any CPU.Build.0 = Release|Any CPU
	EndGlobalSection
	GlobalSection(SolutionProperties) = preSolution
		HideSolutionNode = FALSE
	EndGlobalSection
	GlobalSection(NestedProjects) = preSolution
		{87D4C146-AD22-466B-991E-26C355C9FB76} = {C5D14933-7D5B-4185-9B9F-38AB1A8A40E6}
		{8579CD34-8B4F-4578-AC53-1EA46A92A67E} = {C5D14933-7D5B-4185-9B9F-38AB1A8A40E6}
		{737E3BEB-47FA-43EA-8236-198151AA6758} = {C5D14933-7D5B-4185-9B9F-38AB1A8A40E6}
		{DAD069F0-4810-4F0C-8522-EA4AD0C499FD} = {C5D14933-7D5B-4185-9B9F-38AB1A8A40E6}
		{6FFA57D5-A090-4D52-9D70-22D2CBDD00B1} = {C5D14933-7D5B-4185-9B9F-38AB1A8A40E6}
		{D2FF6BD2-9756-4B05-B141-0847BBD15B78} = {C5D14933-7D5B-4185-9B9F-38AB1A8A40E6}
		{852D88E2-28DD-44C9-AFD2-CFEB7A55DC77} = {C5D14933-7D5B-4185-9B9F-38AB1A8A40E6}
		{AB6F1E0F-2931-4DDA-9886-10D565D5AEFB} = {C5D14933-7D5B-4185-9B9F-38AB1A8A40E6}
		{C5D14933-7D5B-4185-9B9F-38AB1A8A40E6} = {C69D878A-A37C-4DBD-8D90-8AF30074E3C0}
		{64D61A43-6570-4F17-BE2D-78CFF756EC24} = {C69D878A-A37C-4DBD-8D90-8AF30074E3C0}
		{FE9B9306-281B-4134-AA8F-B995F6098B91} = {64D61A43-6570-4F17-BE2D-78CFF756EC24}
		{EB22A6AE-5098-40CD-9A58-EF989075FB22} = {64D61A43-6570-4F17-BE2D-78CFF756EC24}
		{0AD22DB5-C13F-4337-90FB-B68279786457} = {C69D878A-A37C-4DBD-8D90-8AF30074E3C0}
		{9B65D1B2-F81E-4A8B-9F7B-6343D7F3E4CC} = {0AD22DB5-C13F-4337-90FB-B68279786457}
		{721B7FFE-B749-4569-8CB4-A00C63E65F36} = {0AD22DB5-C13F-4337-90FB-B68279786457}
		{B81EBB25-9A20-4699-9C7B-A9A4A1A6EC66} = {2E903AB5-E882-49A7-A612-FCCB9F11D540}
		{71D7A3B0-9AE2-4F22-9C63-542709BD507A} = {2E903AB5-E882-49A7-A612-FCCB9F11D540}
		{88D20E30-575F-477E-8B97-6DBF1915F2B3} = {C69D878A-A37C-4DBD-8D90-8AF30074E3C0}
		{09193B4C-539B-4426-BC28-F187F51F0383} = {88D20E30-575F-477E-8B97-6DBF1915F2B3}
		{7A2070B2-77C7-4E06-97DD-0144FB41429A} = {88D20E30-575F-477E-8B97-6DBF1915F2B3}
		{6D296166-928D-4D8B-A2AD-542A77404CA5} = {2E903AB5-E882-49A7-A612-FCCB9F11D540}
		{E7203CA7-1D14-4322-8062-1F72FCDD3EC5} = {64D61A43-6570-4F17-BE2D-78CFF756EC24}
		{C0C75491-6D9C-4FC6-8797-F6F9B4789996} = {2E903AB5-E882-49A7-A612-FCCB9F11D540}
		{1B1AD1CE-538C-43A7-AD52-9A5BB97F77A6} = {78CBA3CF-28F2-464F-892A-3FB745AC735E}
		{AD87FE80-85A6-4F6F-998F-5FDAAE870D50} = {64D61A43-6570-4F17-BE2D-78CFF756EC24}
		{54942DA8-4C1F-4766-AE56-424F9384FA8E} = {64D61A43-6570-4F17-BE2D-78CFF756EC24}
		{28A02F90-C0D9-444B-B455-783260F63F85} = {C5D14933-7D5B-4185-9B9F-38AB1A8A40E6}
		{C94EC33B-CCC8-4FE0-B852-30F675017A12} = {2E903AB5-E882-49A7-A612-FCCB9F11D540}
		{B38B8063-ED2D-47FB-8586-75F8290263AF} = {C5D14933-7D5B-4185-9B9F-38AB1A8A40E6}
	EndGlobalSection
	GlobalSection(ExtensibilityGlobals) = postSolution
		SolutionGuid = {77340858-04C1-4169-93A3-121A82FA6670}
	EndGlobalSection
EndGlobal
